
Microsoft Visual Studio Solution File, Format Version 12.00
# Visual Studio Version 17
VisualStudioVersion = 17.8.34511.84
MinimumVisualStudioVersion = 10.0.40219.1
Project("{FAE04EC0-301F-11D3-BF4B-00C04F79EFBC}") = "RecipeAPI", "RecipeAPI\RecipeAPI.csproj", "{5D5BB220-734D-42C2-94E8-E3DBEAD8BDC1}"
EndProject
Global
	GlobalSection(SolutionConfigurationPlatforms) = preSolution
		Debug|Any CPU = Debug|Any CPU
		Release|Any CPU = Release|Any CPU
	EndGlobalSection
	GlobalSection(ProjectConfigurationPlatforms) = postSolution
		{5D5BB220-734D-42C2-94E8-E3DBEAD8BDC1}.Debug|Any CPU.ActiveCfg = Debug|Any CPU
		{5D5BB220-734D-42C2-94E8-E3DBEAD8BDC1}.Debug|Any CPU.Build.0 = Debug|Any CPU
		{5D5BB220-734D-42C2-94E8-E3DBEAD8BDC1}.Release|Any CPU.ActiveCfg = Release|Any CPU
		{5D5BB220-734D-42C2-94E8-E3DBEAD8BDC1}.Release|Any CPU.Build.0 = Release|Any CPU
	EndGlobalSection
	GlobalSection(SolutionProperties) = preSolution
		HideSolutionNode = FALSE
	EndGlobalSection
	GlobalSection(ExtensibilityGlobals) = postSolution
		SolutionGuid = {3EA58641-73FB-4288-8761-DA59296AF2AB}
	EndGlobalSection
EndGlobal
